// !$*UTF8*$!
{
	archiveVersion = 1;
	classes = {
	};
	objectVersion = 56;
	objects = {

/* Begin PBXBuildFile section */
		9954423D2C512E9B00700F87 /* RecipeDetailsView.swift in Sources */ = {isa = PBXBuildFile; fileRef = 9954423C2C512E9B00700F87 /* RecipeDetailsView.swift */; };
		99EA2EE52C4FD71A00E3975A /* DessertRecipeAppApp.swift in Sources */ = {isa = PBXBuildFile; fileRef = 99EA2EE42C4FD71A00E3975A /* DessertRecipeAppApp.swift */; };
		99EA2EE72C4FD71A00E3975A /* RecipeListView.swift in Sources */ = {isa = PBXBuildFile; fileRef = 99EA2EE62C4FD71A00E3975A /* RecipeListView.swift */; };
		99EA2EE92C4FD71B00E3975A /* Assets.xcassets in Resources */ = {isa = PBXBuildFile; fileRef = 99EA2EE82C4FD71B00E3975A /* Assets.xcassets */; };
		99EA2EED2C4FD71B00E3975A /* Preview Assets.xcassets in Resources */ = {isa = PBXBuildFile; fileRef = 99EA2EEC2C4FD71B00E3975A /* Preview Assets.xcassets */; };
		99EA2EF42C4FDACD00E3975A /* RecipeListViewModel.swift in Sources */ = {isa = PBXBuildFile; fileRef = 99EA2EF32C4FDACD00E3975A /* RecipeListViewModel.swift */; };
		99EA2EFA2C4FDCA700E3975A /* RecipeCommunicator.swift in Sources */ = {isa = PBXBuildFile; fileRef = 99EA2EF92C4FDCA700E3975A /* RecipeCommunicator.swift */; };
		99EA2EFC2C4FDE1800E3975A /* DataModels.swift in Sources */ = {isa = PBXBuildFile; fileRef = 99EA2EFB2C4FDE1800E3975A /* DataModels.swift */; };
		99FA64912C5197A600B16F40 /* RecipeDetailsViewModel.swift in Sources */ = {isa = PBXBuildFile; fileRef = 99FA64902C5197A600B16F40 /* RecipeDetailsViewModel.swift */; };
/* End PBXBuildFile section */

/* Begin PBXFileReference section */
		9954423C2C512E9B00700F87 /* RecipeDetailsView.swift */ = {isa = PBXFileReference; lastKnownFileType = sourcecode.swift; path = RecipeDetailsView.swift; sourceTree = "<group>"; };
		99EA2EE12C4FD71A00E3975A /* DessertRecipeApp.app */ = {isa = PBXFileReference; explicitFileType = wrapper.application; includeInIndex = 0; path = DessertRecipeApp.app; sourceTree = BUILT_PRODUCTS_DIR; };
		99EA2EE42C4FD71A00E3975A /* DessertRecipeAppApp.swift */ = {isa = PBXFileReference; lastKnownFileType = sourcecode.swift; path = DessertRecipeAppApp.swift; sourceTree = "<group>"; };
		99EA2EE62C4FD71A00E3975A /* RecipeListView.swift */ = {isa = PBXFileReference; lastKnownFileType = sourcecode.swift; path = RecipeListView.swift; sourceTree = "<group>"; };
		99EA2EE82C4FD71B00E3975A /* Assets.xcassets */ = {isa = PBXFileReference; lastKnownFileType = folder.assetcatalog; path = Assets.xcassets; sourceTree = "<group>"; };
		99EA2EEA2C4FD71B00E3975A /* DessertRecipeApp.entitlements */ = {isa = PBXFileReference; lastKnownFileType = text.plist.entitlements; path = DessertRecipeApp.entitlements; sourceTree = "<group>"; };
		99EA2EEC2C4FD71B00E3975A /* Preview Assets.xcassets */ = {isa = PBXFileReference; lastKnownFileType = folder.assetcatalog; path = "Preview Assets.xcassets"; sourceTree = "<group>"; };
		99EA2EF32C4FDACD00E3975A /* RecipeListViewModel.swift */ = {isa = PBXFileReference; lastKnownFileType = sourcecode.swift; path = RecipeListViewModel.swift; sourceTree = "<group>"; };
		99EA2EF92C4FDCA700E3975A /* RecipeCommunicator.swift */ = {isa = PBXFileReference; lastKnownFileType = sourcecode.swift; path = RecipeCommunicator.swift; sourceTree = "<group>"; };
		99EA2EFB2C4FDE1800E3975A /* DataModels.swift */ = {isa = PBXFileReference; lastKnownFileType = sourcecode.swift; path = DataModels.swift; sourceTree = "<group>"; };
		99FA64902C5197A600B16F40 /* RecipeDetailsViewModel.swift */ = {isa = PBXFileReference; lastKnownFileType = sourcecode.swift; path = RecipeDetailsViewModel.swift; sourceTree = "<group>"; };
/* End PBXFileReference section */

/* Begin PBXFrameworksBuildPhase section */
		99EA2EDE2C4FD71A00E3975A /* Frameworks */ = {
			isa = PBXFrameworksBuildPhase;
			buildActionMask = 2147483647;
			files = (
			);
			runOnlyForDeploymentPostprocessing = 0;
		};
/* End PBXFrameworksBuildPhase section */

/* Begin PBXGroup section */
		99EA2ED82C4FD71A00E3975A = {
			isa = PBXGroup;
			children = (
				99EA2EE32C4FD71A00E3975A /* DessertRecipeApp */,
				99EA2EE22C4FD71A00E3975A /* Products */,
			);
			sourceTree = "<group>";
		};
		99EA2EE22C4FD71A00E3975A /* Products */ = {
			isa = PBXGroup;
			children = (
				99EA2EE12C4FD71A00E3975A /* DessertRecipeApp.app */,
			);
			name = Products;
			sourceTree = "<group>";
		};
		99EA2EE32C4FD71A00E3975A /* DessertRecipeApp */ = {
			isa = PBXGroup;
			children = (
				99FA64932C52743800B16F40 /* ViewModels */,
				99FA64922C52742200B16F40 /* Views */,
				99EA2EF82C4FDC9200E3975A /* Communicator */,
				99EA2EE42C4FD71A00E3975A /* DessertRecipeAppApp.swift */,
				99EA2EE82C4FD71B00E3975A /* Assets.xcassets */,
				99EA2EEA2C4FD71B00E3975A /* DessertRecipeApp.entitlements */,
				99EA2EEB2C4FD71B00E3975A /* Preview Content */,
			);
			path = DessertRecipeApp;
			sourceTree = "<group>";
		};
		99EA2EEB2C4FD71B00E3975A /* Preview Content */ = {
			isa = PBXGroup;
			children = (
				99EA2EEC2C4FD71B00E3975A /* Preview Assets.xcassets */,
			);
			path = "Preview Content";
			sourceTree = "<group>";
		};
		99EA2EF82C4FDC9200E3975A /* Communicator */ = {
			isa = PBXGroup;
			children = (
				99EA2EFB2C4FDE1800E3975A /* DataModels.swift */,
				99EA2EF92C4FDCA700E3975A /* RecipeCommunicator.swift */,
			);
			path = Communicator;
			sourceTree = "<group>";
		};
		99FA64922C52742200B16F40 /* Views */ = {
			isa = PBXGroup;
			children = (
				9954423C2C512E9B00700F87 /* RecipeDetailsView.swift */,
				99EA2EE62C4FD71A00E3975A /* RecipeListView.swift */,
			);
			path = Views;
			sourceTree = "<group>";
		};
		99FA64932C52743800B16F40 /* ViewModels */ = {
			isa = PBXGroup;
			children = (
				99FA64902C5197A600B16F40 /* RecipeDetailsViewModel.swift */,
				99EA2EF32C4FDACD00E3975A /* RecipeListViewModel.swift */,
			);
			path = ViewModels;
			sourceTree = "<group>";
		};
/* End PBXGroup section */

/* Begin PBXNativeTarget section */
		99EA2EE02C4FD71A00E3975A /* DessertRecipeApp */ = {
			isa = PBXNativeTarget;
			buildConfigurationList = 99EA2EF02C4FD71B00E3975A /* Build configuration list for PBXNativeTarget "DessertRecipeApp" */;
			buildPhases = (
				99EA2EDD2C4FD71A00E3975A /* Sources */,
				99EA2EDE2C4FD71A00E3975A /* Frameworks */,
				99EA2EDF2C4FD71A00E3975A /* Resources */,
			);
			buildRules = (
			);
			dependencies = (
			);
			name = DessertRecipeApp;
			productName = DessertRecipeApp;
			productReference = 99EA2EE12C4FD71A00E3975A /* DessertRecipeApp.app */;
			productType = "com.apple.product-type.application";
		};
/* End PBXNativeTarget section */

/* Begin PBXProject section */
		99EA2ED92C4FD71A00E3975A /* Project object */ = {
			isa = PBXProject;
			attributes = {
				BuildIndependentTargetsInParallel = 1;
				LastSwiftUpdateCheck = 1540;
				LastUpgradeCheck = 1540;
				TargetAttributes = {
					99EA2EE02C4FD71A00E3975A = {
						CreatedOnToolsVersion = 15.4;
					};
				};
			};
			buildConfigurationList = 99EA2EDC2C4FD71A00E3975A /* Build configuration list for PBXProject "DessertRecipeApp" */;
			compatibilityVersion = "Xcode 14.0";
			developmentRegion = en;
			hasScannedForEncodings = 0;
			knownRegions = (
				en,
				Base,
			);
			mainGroup = 99EA2ED82C4FD71A00E3975A;
			productRefGroup = 99EA2EE22C4FD71A00E3975A /* Products */;
			projectDirPath = "";
			projectRoot = "";
			targets = (
				99EA2EE02C4FD71A00E3975A /* DessertRecipeApp */,
			);
		};
/* End PBXProject section */

/* Begin PBXResourcesBuildPhase section */
		99EA2EDF2C4FD71A00E3975A /* Resources */ = {
			isa = PBXResourcesBuildPhase;
			buildActionMask = 2147483647;
			files = (
				99EA2EED2C4FD71B00E3975A /* Preview Assets.xcassets in Resources */,
				99EA2EE92C4FD71B00E3975A /* Assets.xcassets in Resources */,
			);
			runOnlyForDeploymentPostprocessing = 0;
		};
/* End PBXResourcesBuildPhase section */

/* Begin PBXSourcesBuildPhase section */
		99EA2EDD2C4FD71A00E3975A /* Sources */ = {
			isa = PBXSourcesBuildPhase;
			buildActionMask = 2147483647;
			files = (
				99EA2EE72C4FD71A00E3975A /* RecipeListView.swift in Sources */,
				9954423D2C512E9B00700F87 /* RecipeDetailsView.swift in Sources */,
				99EA2EE52C4FD71A00E3975A /* DessertRecipeAppApp.swift in Sources */,
				99EA2EFC2C4FDE1800E3975A /* DataModels.swift in Sources */,
				99EA2EF42C4FDACD00E3975A /* RecipeListViewModel.swift in Sources */,
				99FA64912C5197A600B16F40 /* RecipeDetailsViewModel.swift in Sources */,
				99EA2EFA2C4FDCA700E3975A /* RecipeCommunicator.swift in Sources */,
			);
			runOnlyForDeploymentPostprocessing = 0;
		};
/* End PBXSourcesBuildPhase section */

/* Begin XCBuildConfiguration section */
		99EA2EEE2C4FD71B00E3975A /* Debug */ = {
			isa = XCBuildConfiguration;
			buildSettings = {
				ALWAYS_SEARCH_USER_PATHS = NO;
				ASSETCATALOG_COMPILER_GENERATE_SWIFT_ASSET_SYMBOL_EXTENSIONS = YES;
				CLANG_ANALYZER_NONNULL = YES;
				CLANG_ANALYZER_NUMBER_OBJECT_CONVERSION = YES_AGGRESSIVE;
				CLANG_CXX_LANGUAGE_STANDARD = "gnu++20";
				CLANG_ENABLE_MODULES = YES;
				CLANG_ENABLE_OBJC_ARC = YES;
				CLANG_ENABLE_OBJC_WEAK = YES;
				CLANG_WARN_BLOCK_CAPTURE_AUTORELEASING = YES;
				CLANG_WARN_BOOL_CONVERSION = YES;
				CLANG_WARN_COMMA = YES;
				CLANG_WARN_CONSTANT_CONVERSION = YES;
				CLANG_WARN_DEPRECATED_OBJC_IMPLEMENTATIONS = YES;
				CLANG_WARN_DIRECT_OBJC_ISA_USAGE = YES_ERROR;
				CLANG_WARN_DOCUMENTATION_COMMENTS = YES;
				CLANG_WARN_EMPTY_BODY = YES;
				CLANG_WARN_ENUM_CONVERSION = YES;
				CLANG_WARN_INFINITE_RECURSION = YES;
				CLANG_WARN_INT_CONVERSION = YES;
				CLANG_WARN_NON_LITERAL_NULL_CONVERSION = YES;
				CLANG_WARN_OBJC_IMPLICIT_RETAIN_SELF = YES;
				CLANG_WARN_OBJC_LITERAL_CONVERSION = YES;
				CLANG_WARN_OBJC_ROOT_CLASS = YES_ERROR;
				CLANG_WARN_QUOTED_INCLUDE_IN_FRAMEWORK_HEADER = YES;
				CLANG_WARN_RANGE_LOOP_ANALYSIS = YES;
				CLANG_WARN_STRICT_PROTOTYPES = YES;
				CLANG_WARN_SUSPICIOUS_MOVE = YES;
				CLANG_WARN_UNGUARDED_AVAILABILITY = YES_AGGRESSIVE;
				CLANG_WARN_UNREACHABLE_CODE = YES;
				CLANG_WARN__DUPLICATE_METHOD_MATCH = YES;
				COPY_PHASE_STRIP = NO;
				DEBUG_INFORMATION_FORMAT = dwarf;
				ENABLE_STRICT_OBJC_MSGSEND = YES;
				ENABLE_TESTABILITY = YES;
				ENABLE_USER_SCRIPT_SANDBOXING = YES;
				GCC_C_LANGUAGE_STANDARD = gnu17;
				GCC_DYNAMIC_NO_PIC = NO;
				GCC_NO_COMMON_BLOCKS = YES;
				GCC_OPTIMIZATION_LEVEL = 0;
				GCC_PREPROCESSOR_DEFINITIONS = (
					"DEBUG=1",
					"$(inherited)",
				);
				GCC_WARN_64_TO_32_BIT_CONVERSION = YES;
				GCC_WARN_ABOUT_RETURN_TYPE = YES_ERROR;
				GCC_WARN_UNDECLARED_SELECTOR = YES;
				GCC_WARN_UNINITIALIZED_AUTOS = YES_AGGRESSIVE;
				GCC_WARN_UNUSED_FUNCTION = YES;
				GCC_WARN_UNUSED_VARIABLE = YES;
				LOCALIZATION_PREFERS_STRING_CATALOGS = YES;
				MTL_ENABLE_DEBUG_INFO = INCLUDE_SOURCE;
				MTL_FAST_MATH = YES;
				ONLY_ACTIVE_ARCH = YES;
				SWIFT_ACTIVE_COMPILATION_CONDITIONS = "DEBUG $(inherited)";
				SWIFT_OPTIMIZATION_LEVEL = "-Onone";
			};
			name = Debug;
		};
		99EA2EEF2C4FD71B00E3975A /* Release */ = {
			isa = XCBuildConfiguration;
			buildSettings = {
				ALWAYS_SEARCH_USER_PATHS = NO;
				ASSETCATALOG_COMPILER_GENERATE_SWIFT_ASSET_SYMBOL_EXTENSIONS = YES;
				CLANG_ANALYZER_NONNULL = YES;
				CLANG_ANALYZER_NUMBER_OBJECT_CONVERSION = YES_AGGRESSIVE;
				CLANG_CXX_LANGUAGE_STANDARD = "gnu++20";
				CLANG_ENABLE_MODULES = YES;
				CLANG_ENABLE_OBJC_ARC = YES;
				CLANG_ENABLE_OBJC_WEAK = YES;
				CLANG_WARN_BLOCK_CAPTURE_AUTORELEASING = YES;
				CLANG_WARN_BOOL_CONVERSION = YES;
				CLANG_WARN_COMMA = YES;
				CLANG_WARN_CONSTANT_CONVERSION = YES;
				CLANG_WARN_DEPRECATED_OBJC_IMPLEMENTATIONS = YES;
				CLANG_WARN_DIRECT_OBJC_ISA_USAGE = YES_ERROR;
				CLANG_WARN_DOCUMENTATION_COMMENTS = YES;
				CLANG_WARN_EMPTY_BODY = YES;
				CLANG_WARN_ENUM_CONVERSION = YES;
				CLANG_WARN_INFINITE_RECURSION = YES;
				CLANG_WARN_INT_CONVERSION = YES;
				CLANG_WARN_NON_LITERAL_NULL_CONVERSION = YES;
				CLANG_WARN_OBJC_IMPLICIT_RETAIN_SELF = YES;
				CLANG_WARN_OBJC_LITERAL_CONVERSION = YES;
				CLANG_WARN_OBJC_ROOT_CLASS = YES_ERROR;
				CLANG_WARN_QUOTED_INCLUDE_IN_FRAMEWORK_HEADER = YES;
				CLANG_WARN_RANGE_LOOP_ANALYSIS = YES;
				CLANG_WARN_STRICT_PROTOTYPES = YES;
				CLANG_WARN_SUSPICIOUS_MOVE = YES;
				CLANG_WARN_UNGUARDED_AVAILABILITY = YES_AGGRESSIVE;
				CLANG_WARN_UNREACHABLE_CODE = YES;
				CLANG_WARN__DUPLICATE_METHOD_MATCH = YES;
				COPY_PHASE_STRIP = NO;
				DEBUG_INFORMATION_FORMAT = "dwarf-with-dsym";
				ENABLE_NS_ASSERTIONS = NO;
				ENABLE_STRICT_OBJC_MSGSEND = YES;
				ENABLE_USER_SCRIPT_SANDBOXING = YES;
				GCC_C_LANGUAGE_STANDARD = gnu17;
				GCC_NO_COMMON_BLOCKS = YES;
				GCC_WARN_64_TO_32_BIT_CONVERSION = YES;
				GCC_WARN_ABOUT_RETURN_TYPE = YES_ERROR;
				GCC_WARN_UNDECLARED_SELECTOR = YES;
				GCC_WARN_UNINITIALIZED_AUTOS = YES_AGGRESSIVE;
				GCC_WARN_UNUSED_FUNCTION = YES;
				GCC_WARN_UNUSED_VARIABLE = YES;
				LOCALIZATION_PREFERS_STRING_CATALOGS = YES;
				MTL_ENABLE_DEBUG_INFO = NO;
				MTL_FAST_MATH = YES;
				SWIFT_COMPILATION_MODE = wholemodule;
			};
			name = Release;
		};
		99EA2EF12C4FD71B00E3975A /* Debug */ = {
			isa = XCBuildConfiguration;
			buildSettings = {
				ASSETCATALOG_COMPILER_APPICON_NAME = AppIcon;
				ASSETCATALOG_COMPILER_GLOBAL_ACCENT_COLOR_NAME = AccentColor;
				CODE_SIGN_ENTITLEMENTS = DessertRecipeApp/DessertRecipeApp.entitlements;
				CODE_SIGN_STYLE = Automatic;
				CURRENT_PROJECT_VERSION = 1;
				DEVELOPMENT_ASSET_PATHS = "\"DessertRecipeApp/Preview Content\"";
				ENABLE_PREVIEWS = YES;
				GENERATE_INFOPLIST_FILE = YES;
				"INFOPLIST_KEY_UIApplicationSceneManifest_Generation[sdk=iphoneos*]" = YES;
				"INFOPLIST_KEY_UIApplicationSceneManifest_Generation[sdk=iphonesimulator*]" = YES;
				"INFOPLIST_KEY_UIApplicationSupportsIndirectInputEvents[sdk=iphoneos*]" = YES;
				"INFOPLIST_KEY_UIApplicationSupportsIndirectInputEvents[sdk=iphonesimulator*]" = YES;
				"INFOPLIST_KEY_UILaunchScreen_Generation[sdk=iphoneos*]" = YES;
				"INFOPLIST_KEY_UILaunchScreen_Generation[sdk=iphonesimulator*]" = YES;
				"INFOPLIST_KEY_UIStatusBarStyle[sdk=iphoneos*]" = UIStatusBarStyleDefault;
				"INFOPLIST_KEY_UIStatusBarStyle[sdk=iphonesimulator*]" = UIStatusBarStyleDefault;
				INFOPLIST_KEY_UISupportedInterfaceOrientations_iPad = "UIInterfaceOrientationPortrait UIInterfaceOrientationPortraitUpsideDown UIInterfaceOrientationLandscapeLeft UIInterfaceOrientationLandscapeRight";
				INFOPLIST_KEY_UISupportedInterfaceOrientations_iPhone = "UIInterfaceOrientationPortrait UIInterfaceOrientationLandscapeLeft UIInterfaceOrientationLandscapeRight";
				IPHONEOS_DEPLOYMENT_TARGET = 17.5;
				LD_RUNPATH_SEARCH_PATHS = "@executable_path/Frameworks";
				"LD_RUNPATH_SEARCH_PATHS[sdk=macosx*]" = "@executable_path/../Frameworks";
				MACOSX_DEPLOYMENT_TARGET = 14.4;
				MARKETING_VERSION = 1.0;
				PRODUCT_BUNDLE_IDENTIFIER = MaxGiffin.DessertRecipeApp;
				PRODUCT_NAME = "$(TARGET_NAME)";
				SDKROOT = auto;
				SUPPORTED_PLATFORMS = "iphoneos iphonesimulator macosx";
				SWIFT_EMIT_LOC_STRINGS = YES;
				SWIFT_VERSION = 5.0;
				TARGETED_DEVICE_FAMILY = "1,2";
			};
			name = Debug;
		};
		99EA2EF22C4FD71B00E3975A /* Release */ = {
			isa = XCBuildConfiguration;
			buildSettings = {
				ASSETCATALOG_COMPILER_APPICON_NAME = AppIcon;
				ASSETCATALOG_COMPILER_GLOBAL_ACCENT_COLOR_NAME = AccentColor;
				CODE_SIGN_ENTITLEMENTS = DessertRecipeApp/DessertRecipeApp.entitlements;
				CODE_SIGN_STYLE = Automatic;
				CURRENT_PROJECT_VERSION = 1;
				DEVELOPMENT_ASSET_PATHS = "\"DessertRecipeApp/Preview Content\"";
				ENABLE_PREVIEWS = YES;
				GENERATE_INFOPLIST_FILE = YES;
				"INFOPLIST_KEY_UIApplicationSceneManifest_Generation[sdk=iphoneos*]" = YES;
				"INFOPLIST_KEY_UIApplicationSceneManifest_Generation[sdk=iphonesimulator*]" = YES;
				"INFOPLIST_KEY_UIApplicationSupportsIndirectInputEvents[sdk=iphoneos*]" = YES;
				"INFOPLIST_KEY_UIApplicationSupportsIndirectInputEvents[sdk=iphonesimulator*]" = YES;
				"INFOPLIST_KEY_UILaunchScreen_Generation[sdk=iphoneos*]" = YES;
				"INFOPLIST_KEY_UILaunchScreen_Generation[sdk=iphonesimulator*]" = YES;
				"INFOPLIST_KEY_UIStatusBarStyle[sdk=iphoneos*]" = UIStatusBarStyleDefault;
				"INFOPLIST_KEY_UIStatusBarStyle[sdk=iphonesimulator*]" = UIStatusBarStyleDefault;
				INFOPLIST_KEY_UISupportedInterfaceOrientations_iPad = "UIInterfaceOrientationPortrait UIInterfaceOrientationPortraitUpsideDown UIInterfaceOrientationLandscapeLeft UIInterfaceOrientationLandscapeRight";
				INFOPLIST_KEY_UISupportedInterfaceOrientations_iPhone = "UIInterfaceOrientationPortrait UIInterfaceOrientationLandscapeLeft UIInterfaceOrientationLandscapeRight";
				IPHONEOS_DEPLOYMENT_TARGET = 17.5;
				LD_RUNPATH_SEARCH_PATHS = "@executable_path/Frameworks";
				"LD_RUNPATH_SEARCH_PATHS[sdk=macosx*]" = "@executable_path/../Frameworks";
				MACOSX_DEPLOYMENT_TARGET = 14.4;
				MARKETING_VERSION = 1.0;
				PRODUCT_BUNDLE_IDENTIFIER = MaxGiffin.DessertRecipeApp;
				PRODUCT_NAME = "$(TARGET_NAME)";
				SDKROOT = auto;
				SUPPORTED_PLATFORMS = "iphoneos iphonesimulator macosx";
				SWIFT_EMIT_LOC_STRINGS = YES;
				SWIFT_VERSION = 5.0;
				TARGETED_DEVICE_FAMILY = "1,2";
			};
			name = Release;
		};
/* End XCBuildConfiguration section */

/* Begin XCConfigurationList section */
		99EA2EDC2C4FD71A00E3975A /* Build configuration list for PBXProject "DessertRecipeApp" */ = {
			isa = XCConfigurationList;
			buildConfigurations = (
				99EA2EEE2C4FD71B00E3975A /* Debug */,
				99EA2EEF2C4FD71B00E3975A /* Release */,
			);
			defaultConfigurationIsVisible = 0;
			defaultConfigurationName = Release;
		};
		99EA2EF02C4FD71B00E3975A /* Build configuration list for PBXNativeTarget "DessertRecipeApp" */ = {
			isa = XCConfigurationList;
			buildConfigurations = (
				99EA2EF12C4FD71B00E3975A /* Debug */,
				99EA2EF22C4FD71B00E3975A /* Release */,
			);
			defaultConfigurationIsVisible = 0;
			defaultConfigurationName = Release;
		};
/* End XCConfigurationList section */
	};
	rootObject = 99EA2ED92C4FD71A00E3975A /* Project object */;
}
